
Microsoft Visual Studio Solution File, Format Version 12.00
# Visual Studio Version 16
VisualStudioVersion = 16.0.31624.102
MinimumVisualStudioVersion = 10.0.40219.1
Project("{FAE04EC0-301F-11D3-BF4B-00C04F79EFBC}") = "AllTasks", "AllTasks.csproj", "{1DDEC724-E78D-42F4-A75A-CF5409B24922}"
EndProject
Project("{FAE04EC0-301F-11D3-BF4B-00C04F79EFBC}") = "ThirdPartyLibrary", "..\ThirdPartyLibrary\ThirdPartyLibrary.csproj", "{24AB0A5F-D39F-4185-9586-04004F616B29}"
EndProject
Global
	GlobalSection(SolutionConfigurationPlatforms) = preSolution
		Debug|Any CPU = Debug|Any CPU
		Release|Any CPU = Release|Any CPU
	EndGlobalSection
	GlobalSection(ProjectConfigurationPlatforms) = postSolution
		{1DDEC724-E78D-42F4-A75A-CF5409B24922}.Debug|Any CPU.ActiveCfg = Debug|Any CPU
		{1DDEC724-E78D-42F4-A75A-CF5409B24922}.Debug|Any CPU.Build.0 = Debug|Any CPU
		{1DDEC724-E78D-42F4-A75A-CF5409B24922}.Release|Any CPU.ActiveCfg = Release|Any CPU
		{1DDEC724-E78D-42F4-A75A-CF5409B24922}.Release|Any CPU.Build.0 = Release|Any CPU
		{24AB0A5F-D39F-4185-9586-04004F616B29}.Debug|Any CPU.ActiveCfg = Debug|Any CPU
		{24AB0A5F-D39F-4185-9586-04004F616B29}.Debug|Any CPU.Build.0 = Debug|Any CPU
		{24AB0A5F-D39F-4185-9586-04004F616B29}.Release|Any CPU.ActiveCfg = Release|Any CPU
		{24AB0A5F-D39F-4185-9586-04004F616B29}.Release|Any CPU.Build.0 = Release|Any CPU
	EndGlobalSection
	GlobalSection(SolutionProperties) = preSolution
		HideSolutionNode = FALSE
	EndGlobalSection
	GlobalSection(ExtensibilityGlobals) = postSolution
		SolutionGuid = {8A90AACE-70A8-4116-9755-833D2CD3C6C8}
	EndGlobalSection
EndGlobal
